
Microsoft Visual Studio Solution File, Format Version 12.00
# Visual Studio Version 17
VisualStudioVersion = 17.3.32825.248
MinimumVisualStudioVersion = 10.0.40219.1
Project("{FAE04EC0-301F-11D3-BF4B-00C04F79EFBC}") = "TrackerLibrary", "TrackerLibrary\TrackerLibrary.csproj", "{354A912A-6C4E-4B4A-AA76-5CABC2E32AF0}"
EndProject
Project("{FAE04EC0-301F-11D3-BF4B-00C04F79EFBC}") = "TrackerUI", "TrackerUI\TrackerUI.csproj", "{CA5F255B-56EA-450F-ACA5-191BB3497732}"
EndProject
Global
	GlobalSection(SolutionConfigurationPlatforms) = preSolution
		Debug|Any CPU = Debug|Any CPU
		Release|Any CPU = Release|Any CPU
	EndGlobalSection
	GlobalSection(ProjectConfigurationPlatforms) = postSolution
		{354A912A-6C4E-4B4A-AA76-5CABC2E32AF0}.Debug|Any CPU.ActiveCfg = Debug|Any CPU
		{354A912A-6C4E-4B4A-AA76-5CABC2E32AF0}.Debug|Any CPU.Build.0 = Debug|Any CPU
		{354A912A-6C4E-4B4A-AA76-5CABC2E32AF0}.Release|Any CPU.ActiveCfg = Release|Any CPU
		{354A912A-6C4E-4B4A-AA76-5CABC2E32AF0}.Release|Any CPU.Build.0 = Release|Any CPU
		{CA5F255B-56EA-450F-ACA5-191BB3497732}.Debug|Any CPU.ActiveCfg = Debug|Any CPU
		{CA5F255B-56EA-450F-ACA5-191BB3497732}.Debug|Any CPU.Build.0 = Debug|Any CPU
		{CA5F255B-56EA-450F-ACA5-191BB3497732}.Release|Any CPU.ActiveCfg = Release|Any CPU
		{CA5F255B-56EA-450F-ACA5-191BB3497732}.Release|Any CPU.Build.0 = Release|Any CPU
	EndGlobalSection
	GlobalSection(SolutionProperties) = preSolution
		HideSolutionNode = FALSE
	EndGlobalSection
	GlobalSection(ExtensibilityGlobals) = postSolution
		SolutionGuid = {9FDAC13C-EDAD-4471-831D-5BD197324063}
	EndGlobalSection
EndGlobal
